// !$*UTF8*$!
{
	archiveVersion = 1;
	classes = {
	};
	objectVersion = 50;
	objects = {

/* Begin PBXBuildFile section */
		3587BC6023EA14620042B15F /* AppDelegate.swift in Sources */ = {isa = PBXBuildFile; fileRef = 3587BC5F23EA14620042B15F /* AppDelegate.swift */; };
		3587BC6223EA14620042B15F /* SceneDelegate.swift in Sources */ = {isa = PBXBuildFile; fileRef = 3587BC6123EA14620042B15F /* SceneDelegate.swift */; };
		3587BC6423EA14620042B15F /* ContentView.swift in Sources */ = {isa = PBXBuildFile; fileRef = 3587BC6323EA14620042B15F /* ContentView.swift */; };
		3587BC6623EA14630042B15F /* Assets.xcassets in Resources */ = {isa = PBXBuildFile; fileRef = 3587BC6523EA14630042B15F /* Assets.xcassets */; };
		3587BC6923EA14630042B15F /* Preview Assets.xcassets in Resources */ = {isa = PBXBuildFile; fileRef = 3587BC6823EA14630042B15F /* Preview Assets.xcassets */; };
		3587BC6C23EA14630042B15F /* LaunchScreen.storyboard in Resources */ = {isa = PBXBuildFile; fileRef = 3587BC6A23EA14630042B15F /* LaunchScreen.storyboard */; };
		3587BC7723EA14630042B15F /* WeSplitTests.swift in Sources */ = {isa = PBXBuildFile; fileRef = 3587BC7623EA14630042B15F /* WeSplitTests.swift */; };
		3587BC8223EA14630042B15F /* WeSplitUITests.swift in Sources */ = {isa = PBXBuildFile; fileRef = 3587BC8123EA14630042B15F /* WeSplitUITests.swift */; };
/* End PBXBuildFile section */

/* Begin PBXContainerItemProxy section */
		3587BC7323EA14630042B15F /* PBXContainerItemProxy */ = {
			isa = PBXContainerItemProxy;
			containerPortal = 3587BC5423EA14620042B15F /* Project object */;
			proxyType = 1;
			remoteGlobalIDString = 3587BC5B23EA14620042B15F;
			remoteInfo = WeSplit;
		};
		3587BC7E23EA14630042B15F /* PBXContainerItemProxy */ = {
			isa = PBXContainerItemProxy;
			containerPortal = 3587BC5423EA14620042B15F /* Project object */;
			proxyType = 1;
			remoteGlobalIDString = 3587BC5B23EA14620042B15F;
			remoteInfo = WeSplit;
		};
/* End PBXContainerItemProxy section */

/* Begin PBXFileReference section */
		3587BC5C23EA14620042B15F /* WeSplit.app */ = {isa = PBXFileReference; explicitFileType = wrapper.application; includeInIndex = 0; path = WeSplit.app; sourceTree = BUILT_PRODUCTS_DIR; };
		3587BC5F23EA14620042B15F /* AppDelegate.swift */ = {isa = PBXFileReference; lastKnownFileType = sourcecode.swift; path = AppDelegate.swift; sourceTree = "<group>"; };
		3587BC6123EA14620042B15F /* SceneDelegate.swift */ = {isa = PBXFileReference; lastKnownFileType = sourcecode.swift; path = SceneDelegate.swift; sourceTree = "<group>"; };
		3587BC6323EA14620042B15F /* ContentView.swift */ = {isa = PBXFileReference; lastKnownFileType = sourcecode.swift; path = ContentView.swift; sourceTree = "<group>"; };
		3587BC6523EA14630042B15F /* Assets.xcassets */ = {isa = PBXFileReference; lastKnownFileType = folder.assetcatalog; path = Assets.xcassets; sourceTree = "<group>"; };
		3587BC6823EA14630042B15F /* Preview Assets.xcassets */ = {isa = PBXFileReference; lastKnownFileType = folder.assetcatalog; path = "Preview Assets.xcassets"; sourceTree = "<group>"; };
		3587BC6B23EA14630042B15F /* Base */ = {isa = PBXFileReference; lastKnownFileType = file.storyboard; name = Base; path = Base.lproj/LaunchScreen.storyboard; sourceTree = "<group>"; };
		3587BC6D23EA14630042B15F /* Info.plist */ = {isa = PBXFileReference; lastKnownFileType = text.plist.xml; path = Info.plist; sourceTree = "<group>"; };
		3587BC7223EA14630042B15F /* WeSplitTests.xctest */ = {isa = PBXFileReference; explicitFileType = wrapper.cfbundle; includeInIndex = 0; path = WeSplitTests.xctest; sourceTree = BUILT_PRODUCTS_DIR; };
		3587BC7623EA14630042B15F /* WeSplitTests.swift */ = {isa = PBXFileReference; lastKnownFileType = sourcecode.swift; path = WeSplitTests.swift; sourceTree = "<group>"; };
		3587BC7823EA14630042B15F /* Info.plist */ = {isa = PBXFileReference; lastKnownFileType = text.plist.xml; path = Info.plist; sourceTree = "<group>"; };
		3587BC7D23EA14630042B15F /* WeSplitUITests.xctest */ = {isa = PBXFileReference; explicitFileType = wrapper.cfbundle; includeInIndex = 0; path = WeSplitUITests.xctest; sourceTree = BUILT_PRODUCTS_DIR; };
		3587BC8123EA14630042B15F /* WeSplitUITests.swift */ = {isa = PBXFileReference; lastKnownFileType = sourcecode.swift; path = WeSplitUITests.swift; sourceTree = "<group>"; };
		3587BC8323EA14630042B15F /* Info.plist */ = {isa = PBXFileReference; lastKnownFileType = text.plist.xml; path = Info.plist; sourceTree = "<group>"; };
/* End PBXFileReference section */

/* Begin PBXFrameworksBuildPhase section */
		3587BC5923EA14620042B15F /* Frameworks */ = {
			isa = PBXFrameworksBuildPhase;
			buildActionMask = 2147483647;
			files = (
			);
			runOnlyForDeploymentPostprocessing = 0;
		};
		3587BC6F23EA14630042B15F /* Frameworks */ = {
			isa = PBXFrameworksBuildPhase;
			buildActionMask = 2147483647;
			files = (
			);
			runOnlyForDeploymentPostprocessing = 0;
		};
		3587BC7A23EA14630042B15F /* Frameworks */ = {
			isa = PBXFrameworksBuildPhase;
			buildActionMask = 2147483647;
			files = (
			);
			runOnlyForDeploymentPostprocessing = 0;
		};
/* End PBXFrameworksBuildPhase section */

/* Begin PBXGroup section */
		3587BC5323EA14620042B15F = {
			isa = PBXGroup;
			children = (
				3587BC5E23EA14620042B15F /* WeSplit */,
				3587BC7523EA14630042B15F /* WeSplitTests */,
				3587BC8023EA14630042B15F /* WeSplitUITests */,
				3587BC5D23EA14620042B15F /* Products */,
			);
			sourceTree = "<group>";
		};
		3587BC5D23EA14620042B15F /* Products */ = {
			isa = PBXGroup;
			children = (
				3587BC5C23EA14620042B15F /* WeSplit.app */,
				3587BC7223EA14630042B15F /* WeSplitTests.xctest */,
				3587BC7D23EA14630042B15F /* WeSplitUITests.xctest */,
			);
			name = Products;
			sourceTree = "<group>";
		};
		3587BC5E23EA14620042B15F /* WeSplit */ = {
			isa = PBXGroup;
			children = (
				3587BC5F23EA14620042B15F /* AppDelegate.swift */,
				3587BC6123EA14620042B15F /* SceneDelegate.swift */,
				3587BC6323EA14620042B15F /* ContentView.swift */,
				3587BC6523EA14630042B15F /* Assets.xcassets */,
				3587BC6A23EA14630042B15F /* LaunchScreen.storyboard */,
				3587BC6D23EA14630042B15F /* Info.plist */,
				3587BC6723EA14630042B15F /* Preview Content */,
			);
			path = WeSplit;
			sourceTree = "<group>";
		};
		3587BC6723EA14630042B15F /* Preview Content */ = {
			isa = PBXGroup;
			children = (
				3587BC6823EA14630042B15F /* Preview Assets.xcassets */,
			);
			path = "Preview Content";
			sourceTree = "<group>";
		};
		3587BC7523EA14630042B15F /* WeSplitTests */ = {
			isa = PBXGroup;
			children = (
				3587BC7623EA14630042B15F /* WeSplitTests.swift */,
				3587BC7823EA14630042B15F /* Info.plist */,
			);
			path = WeSplitTests;
			sourceTree = "<group>";
		};
		3587BC8023EA14630042B15F /* WeSplitUITests */ = {
			isa = PBXGroup;
			children = (
				3587BC8123EA14630042B15F /* WeSplitUITests.swift */,
				3587BC8323EA14630042B15F /* Info.plist */,
			);
			path = WeSplitUITests;
			sourceTree = "<group>";
		};
/* End PBXGroup section */

/* Begin PBXNativeTarget section */
		3587BC5B23EA14620042B15F /* WeSplit */ = {
			isa = PBXNativeTarget;
			buildConfigurationList = 3587BC8623EA14630042B15F /* Build configuration list for PBXNativeTarget "WeSplit" */;
			buildPhases = (
				3587BC5823EA14620042B15F /* Sources */,
				3587BC5923EA14620042B15F /* Frameworks */,
				3587BC5A23EA14620042B15F /* Resources */,
			);
			buildRules = (
			);
			dependencies = (
			);
			name = WeSplit;
			productName = WeSplit;
			productReference = 3587BC5C23EA14620042B15F /* WeSplit.app */;
			productType = "com.apple.product-type.application";
		};
		3587BC7123EA14630042B15F /* WeSplitTests */ = {
			isa = PBXNativeTarget;
			buildConfigurationList = 3587BC8923EA14630042B15F /* Build configuration list for PBXNativeTarget "WeSplitTests" */;
			buildPhases = (
				3587BC6E23EA14630042B15F /* Sources */,
				3587BC6F23EA14630042B15F /* Frameworks */,
				3587BC7023EA14630042B15F /* Resources */,
			);
			buildRules = (
			);
			dependencies = (
				3587BC7423EA14630042B15F /* PBXTargetDependency */,
			);
			name = WeSplitTests;
			productName = WeSplitTests;
			productReference = 3587BC7223EA14630042B15F /* WeSplitTests.xctest */;
			productType = "com.apple.product-type.bundle.unit-test";
		};
		3587BC7C23EA14630042B15F /* WeSplitUITests */ = {
			isa = PBXNativeTarget;
			buildConfigurationList = 3587BC8C23EA14630042B15F /* Build configuration list for PBXNativeTarget "WeSplitUITests" */;
			buildPhases = (
				3587BC7923EA14630042B15F /* Sources */,
				3587BC7A23EA14630042B15F /* Frameworks */,
				3587BC7B23EA14630042B15F /* Resources */,
			);
			buildRules = (
			);
			dependencies = (
				3587BC7F23EA14630042B15F /* PBXTargetDependency */,
			);
			name = WeSplitUITests;
			productName = WeSplitUITests;
			productReference = 3587BC7D23EA14630042B15F /* WeSplitUITests.xctest */;
			productType = "com.apple.product-type.bundle.ui-testing";
		};
/* End PBXNativeTarget section */

/* Begin PBXProject section */
		3587BC5423EA14620042B15F /* Project object */ = {
			isa = PBXProject;
			attributes = {
				LastSwiftUpdateCheck = 1130;
				LastUpgradeCheck = 1130;
				ORGANIZATIONNAME = RLima;
				TargetAttributes = {
					3587BC5B23EA14620042B15F = {
						CreatedOnToolsVersion = 11.3.1;
					};
					3587BC7123EA14630042B15F = {
						CreatedOnToolsVersion = 11.3.1;
						TestTargetID = 3587BC5B23EA14620042B15F;
					};
					3587BC7C23EA14630042B15F = {
						CreatedOnToolsVersion = 11.3.1;
						TestTargetID = 3587BC5B23EA14620042B15F;
					};
				};
			};
			buildConfigurationList = 3587BC5723EA14620042B15F /* Build configuration list for PBXProject "WeSplit" */;
			compatibilityVersion = "Xcode 9.3";
			developmentRegion = en;
			hasScannedForEncodings = 0;
			knownRegions = (
				en,
				Base,
			);
			mainGroup = 3587BC5323EA14620042B15F;
			productRefGroup = 3587BC5D23EA14620042B15F /* Products */;
			projectDirPath = "";
			projectRoot = "";
			targets = (
				3587BC5B23EA14620042B15F /* WeSplit */,
				3587BC7123EA14630042B15F /* WeSplitTests */,
				3587BC7C23EA14630042B15F /* WeSplitUITests */,
			);
		};
/* End PBXProject section */

/* Begin PBXResourcesBuildPhase section */
		3587BC5A23EA14620042B15F /* Resources */ = {
			isa = PBXResourcesBuildPhase;
			buildActionMask = 2147483647;
			files = (
				3587BC6C23EA14630042B15F /* LaunchScreen.storyboard in Resources */,
				3587BC6923EA14630042B15F /* Preview Assets.xcassets in Resources */,
				3587BC6623EA14630042B15F /* Assets.xcassets in Resources */,
			);
			runOnlyForDeploymentPostprocessing = 0;
		};
		3587BC7023EA14630042B15F /* Resources */ = {
			isa = PBXResourcesBuildPhase;
			buildActionMask = 2147483647;
			files = (
			);
			runOnlyForDeploymentPostprocessing = 0;
		};
		3587BC7B23EA14630042B15F /* Resources */ = {
			isa = PBXResourcesBuildPhase;
			buildActionMask = 2147483647;
			files = (
			);
			runOnlyForDeploymentPostprocessing = 0;
		};
/* End PBXResourcesBuildPhase section */

/* Begin PBXSourcesBuildPhase section */
		3587BC5823EA14620042B15F /* Sources */ = {
			isa = PBXSourcesBuildPhase;
			buildActionMask = 2147483647;
			files = (
				3587BC6023EA14620042B15F /* AppDelegate.swift in Sources */,
				3587BC6223EA14620042B15F /* SceneDelegate.swift in Sources */,
				3587BC6423EA14620042B15F /* ContentView.swift in Sources */,
			);
			runOnlyForDeploymentPostprocessing = 0;
		};
		3587BC6E23EA14630042B15F /* Sources */ = {
			isa = PBXSourcesBuildPhase;
			buildActionMask = 2147483647;
			files = (
				3587BC7723EA14630042B15F /* WeSplitTests.swift in Sources */,
			);
			runOnlyForDeploymentPostprocessing = 0;
		};
		3587BC7923EA14630042B15F /* Sources */ = {
			isa = PBXSourcesBuildPhase;
			buildActionMask = 2147483647;
			files = (
				3587BC8223EA14630042B15F /* WeSplitUITests.swift in Sources */,
			);
			runOnlyForDeploymentPostprocessing = 0;
		};
/* End PBXSourcesBuildPhase section */

/* Begin PBXTargetDependency section */
		3587BC7423EA14630042B15F /* PBXTargetDependency */ = {
			isa = PBXTargetDependency;
			target = 3587BC5B23EA14620042B15F /* WeSplit */;
			targetProxy = 3587BC7323EA14630042B15F /* PBXContainerItemProxy */;
		};
		3587BC7F23EA14630042B15F /* PBXTargetDependency */ = {
			isa = PBXTargetDependency;
			target = 3587BC5B23EA14620042B15F /* WeSplit */;
			targetProxy = 3587BC7E23EA14630042B15F /* PBXContainerItemProxy */;
		};
/* End PBXTargetDependency section */

/* Begin PBXVariantGroup section */
		3587BC6A23EA14630042B15F /* LaunchScreen.storyboard */ = {
			isa = PBXVariantGroup;
			children = (
				3587BC6B23EA14630042B15F /* Base */,
			);
			name = LaunchScreen.storyboard;
			sourceTree = "<group>";
		};
/* End PBXVariantGroup section */

/* Begin XCBuildConfiguration section */
		3587BC8423EA14630042B15F /* Debug */ = {
			isa = XCBuildConfiguration;
			buildSettings = {
				ALWAYS_SEARCH_USER_PATHS = NO;
				CLANG_ANALYZER_NONNULL = YES;
				CLANG_ANALYZER_NUMBER_OBJECT_CONVERSION = YES_AGGRESSIVE;
				CLANG_CXX_LANGUAGE_STANDARD = "gnu++14";
				CLANG_CXX_LIBRARY = "libc++";
				CLANG_ENABLE_MODULES = YES;
				CLANG_ENABLE_OBJC_ARC = YES;
				CLANG_ENABLE_OBJC_WEAK = YES;
				CLANG_WARN_BLOCK_CAPTURE_AUTORELEASING = YES;
				CLANG_WARN_BOOL_CONVERSION = YES;
				CLANG_WARN_COMMA = YES;
				CLANG_WARN_CONSTANT_CONVERSION = YES;
				CLANG_WARN_DEPRECATED_OBJC_IMPLEMENTATIONS = YES;
				CLANG_WARN_DIRECT_OBJC_ISA_USAGE = YES_ERROR;
				CLANG_WARN_DOCUMENTATION_COMMENTS = YES;
				CLANG_WARN_EMPTY_BODY = YES;
				CLANG_WARN_ENUM_CONVERSION = YES;
				CLANG_WARN_INFINITE_RECURSION = YES;
				CLANG_WARN_INT_CONVERSION = YES;
				CLANG_WARN_NON_LITERAL_NULL_CONVERSION = YES;
				CLANG_WARN_OBJC_IMPLICIT_RETAIN_SELF = YES;
				CLANG_WARN_OBJC_LITERAL_CONVERSION = YES;
				CLANG_WARN_OBJC_ROOT_CLASS = YES_ERROR;
				CLANG_WARN_RANGE_LOOP_ANALYSIS = YES;
				CLANG_WARN_STRICT_PROTOTYPES = YES;
				CLANG_WARN_SUSPICIOUS_MOVE = YES;
				CLANG_WARN_UNGUARDED_AVAILABILITY = YES_AGGRESSIVE;
				CLANG_WARN_UNREACHABLE_CODE = YES;
				CLANG_WARN__DUPLICATE_METHOD_MATCH = YES;
				COPY_PHASE_STRIP = NO;
				DEBUG_INFORMATION_FORMAT = dwarf;
				ENABLE_STRICT_OBJC_MSGSEND = YES;
				ENABLE_TESTABILITY = YES;
				GCC_C_LANGUAGE_STANDARD = gnu11;
				GCC_DYNAMIC_NO_PIC = NO;
				GCC_NO_COMMON_BLOCKS = YES;
				GCC_OPTIMIZATION_LEVEL = 0;
				GCC_PREPROCESSOR_DEFINITIONS = (
					"DEBUG=1",
					"$(inherited)",
				);
				GCC_WARN_64_TO_32_BIT_CONVERSION = YES;
				GCC_WARN_ABOUT_RETURN_TYPE = YES_ERROR;
				GCC_WARN_UNDECLARED_SELECTOR = YES;
				GCC_WARN_UNINITIALIZED_AUTOS = YES_AGGRESSIVE;
				GCC_WARN_UNUSED_FUNCTION = YES;
				GCC_WARN_UNUSED_VARIABLE = YES;
				IPHONEOS_DEPLOYMENT_TARGET = 13.2;
				MTL_ENABLE_DEBUG_INFO = INCLUDE_SOURCE;
				MTL_FAST_MATH = YES;
				ONLY_ACTIVE_ARCH = YES;
				SDKROOT = iphoneos;
				SWIFT_ACTIVE_COMPILATION_CONDITIONS = DEBUG;
				SWIFT_OPTIMIZATION_LEVEL = "-Onone";
			};
			name = Debug;
		};
		3587BC8523EA14630042B15F /* Release */ = {
			isa = XCBuildConfiguration;
			buildSettings = {
				ALWAYS_SEARCH_USER_PATHS = NO;
				CLANG_ANALYZER_NONNULL = YES;
				CLANG_ANALYZER_NUMBER_OBJECT_CONVERSION = YES_AGGRESSIVE;
				CLANG_CXX_LANGUAGE_STANDARD = "gnu++14";
				CLANG_CXX_LIBRARY = "libc++";
				CLANG_ENABLE_MODULES = YES;
				CLANG_ENABLE_OBJC_ARC = YES;
				CLANG_ENABLE_OBJC_WEAK = YES;
				CLANG_WARN_BLOCK_CAPTURE_AUTORELEASING = YES;
				CLANG_WARN_BOOL_CONVERSION = YES;
				CLANG_WARN_COMMA = YES;
				CLANG_WARN_CONSTANT_CONVERSION = YES;
				CLANG_WARN_DEPRECATED_OBJC_IMPLEMENTATIONS = YES;
				CLANG_WARN_DIRECT_OBJC_ISA_USAGE = YES_ERROR;
				CLANG_WARN_DOCUMENTATION_COMMENTS = YES;
				CLANG_WARN_EMPTY_BODY = YES;
				CLANG_WARN_ENUM_CONVERSION = YES;
				CLANG_WARN_INFINITE_RECURSION = YES;
				CLANG_WARN_INT_CONVERSION = YES;
				CLANG_WARN_NON_LITERAL_NULL_CONVERSION = YES;
				CLANG_WARN_OBJC_IMPLICIT_RETAIN_SELF = YES;
				CLANG_WARN_OBJC_LITERAL_CONVERSION = YES;
				CLANG_WARN_OBJC_ROOT_CLASS = YES_ERROR;
				CLANG_WARN_RANGE_LOOP_ANALYSIS = YES;
				CLANG_WARN_STRICT_PROTOTYPES = YES;
				CLANG_WARN_SUSPICIOUS_MOVE = YES;
				CLANG_WARN_UNGUARDED_AVAILABILITY = YES_AGGRESSIVE;
				CLANG_WARN_UNREACHABLE_CODE = YES;
				CLANG_WARN__DUPLICATE_METHOD_MATCH = YES;
				COPY_PHASE_STRIP = NO;
				DEBUG_INFORMATION_FORMAT = "dwarf-with-dsym";
				ENABLE_NS_ASSERTIONS = NO;
				ENABLE_STRICT_OBJC_MSGSEND = YES;
				GCC_C_LANGUAGE_STANDARD = gnu11;
				GCC_NO_COMMON_BLOCKS = YES;
				GCC_WARN_64_TO_32_BIT_CONVERSION = YES;
				GCC_WARN_ABOUT_RETURN_TYPE = YES_ERROR;
				GCC_WARN_UNDECLARED_SELECTOR = YES;
				GCC_WARN_UNINITIALIZED_AUTOS = YES_AGGRESSIVE;
				GCC_WARN_UNUSED_FUNCTION = YES;
				GCC_WARN_UNUSED_VARIABLE = YES;
				IPHONEOS_DEPLOYMENT_TARGET = 13.2;
				MTL_ENABLE_DEBUG_INFO = NO;
				MTL_FAST_MATH = YES;
				SDKROOT = iphoneos;
				SWIFT_COMPILATION_MODE = wholemodule;
				SWIFT_OPTIMIZATION_LEVEL = "-O";
				VALIDATE_PRODUCT = YES;
			};
			name = Release;
		};
		3587BC8723EA14630042B15F /* Debug */ = {
			isa = XCBuildConfiguration;
			buildSettings = {
				ASSETCATALOG_COMPILER_APPICON_NAME = AppIcon;
				CODE_SIGN_STYLE = Automatic;
				DEVELOPMENT_ASSET_PATHS = "\"WeSplit/Preview Content\"";
				DEVELOPMENT_TEAM = 4DKTHBJP4G;
				ENABLE_PREVIEWS = YES;
				INFOPLIST_FILE = WeSplit/Info.plist;
				LD_RUNPATH_SEARCH_PATHS = (
					"$(inherited)",
					"@executable_path/Frameworks",
				);
				PRODUCT_BUNDLE_IDENTIFIER = com.rafaelima.WeSplit;
				PRODUCT_NAME = "$(TARGET_NAME)";
				SWIFT_VERSION = 5.0;
				TARGETED_DEVICE_FAMILY = "1,2";
			};
			name = Debug;
		};
		3587BC8823EA14630042B15F /* Release */ = {
			isa = XCBuildConfiguration;
			buildSettings = {
				ASSETCATALOG_COMPILER_APPICON_NAME = AppIcon;
				CODE_SIGN_STYLE = Automatic;
				DEVELOPMENT_ASSET_PATHS = "\"WeSplit/Preview Content\"";
				DEVELOPMENT_TEAM = 4DKTHBJP4G;
				ENABLE_PREVIEWS = YES;
				INFOPLIST_FILE = WeSplit/Info.plist;
				LD_RUNPATH_SEARCH_PATHS = (
					"$(inherited)",
					"@executable_path/Frameworks",
				);
				PRODUCT_BUNDLE_IDENTIFIER = com.rafaelima.WeSplit;
				PRODUCT_NAME = "$(TARGET_NAME)";
				SWIFT_VERSION = 5.0;
				TARGETED_DEVICE_FAMILY = "1,2";
			};
			name = Release;
		};
		3587BC8A23EA14630042B15F /* Debug */ = {
			isa = XCBuildConfiguration;
			buildSettings = {
				ALWAYS_EMBED_SWIFT_STANDARD_LIBRARIES = YES;
				BUNDLE_LOADER = "$(TEST_HOST)";
				CODE_SIGN_STYLE = Automatic;
				DEVELOPMENT_TEAM = 4DKTHBJP4G;
				INFOPLIST_FILE = WeSplitTests/Info.plist;
				IPHONEOS_DEPLOYMENT_TARGET = 13.2;
				LD_RUNPATH_SEARCH_PATHS = (
					"$(inherited)",
					"@executable_path/Frameworks",
					"@loader_path/Frameworks",
				);
				PRODUCT_BUNDLE_IDENTIFIER = com.rafaelima.WeSplitTests;
				PRODUCT_NAME = "$(TARGET_NAME)";
				SWIFT_VERSION = 5.0;
				TARGETED_DEVICE_FAMILY = "1,2";
				TEST_HOST = "$(BUILT_PRODUCTS_DIR)/WeSplit.app/WeSplit";
			};
			name = Debug;
		};
		3587BC8B23EA14630042B15F /* Release */ = {
			isa = XCBuildConfiguration;
			buildSettings = {
				ALWAYS_EMBED_SWIFT_STANDARD_LIBRARIES = YES;
				BUNDLE_LOADER = "$(TEST_HOST)";
				CODE_SIGN_STYLE = Automatic;
				DEVELOPMENT_TEAM = 4DKTHBJP4G;
				INFOPLIST_FILE = WeSplitTests/Info.plist;
				IPHONEOS_DEPLOYMENT_TARGET = 13.2;
				LD_RUNPATH_SEARCH_PATHS = (
					"$(inherited)",
					"@executable_path/Frameworks",
					"@loader_path/Frameworks",
				);
				PRODUCT_BUNDLE_IDENTIFIER = com.rafaelima.WeSplitTests;
				PRODUCT_NAME = "$(TARGET_NAME)";
				SWIFT_VERSION = 5.0;
				TARGETED_DEVICE_FAMILY = "1,2";
				TEST_HOST = "$(BUILT_PRODUCTS_DIR)/WeSplit.app/WeSplit";
			};
			name = Release;
		};
		3587BC8D23EA14630042B15F /* Debug */ = {
			isa = XCBuildConfiguration;
			buildSettings = {
				ALWAYS_EMBED_SWIFT_STANDARD_LIBRARIES = YES;
				CODE_SIGN_STYLE = Automatic;
				DEVELOPMENT_TEAM = 4DKTHBJP4G;
				INFOPLIST_FILE = WeSplitUITests/Info.plist;
				LD_RUNPATH_SEARCH_PATHS = (
					"$(inherited)",
					"@executable_path/Frameworks",
					"@loader_path/Frameworks",
				);
				PRODUCT_BUNDLE_IDENTIFIER = com.rafaelima.WeSplitUITests;
				PRODUCT_NAME = "$(TARGET_NAME)";
				SWIFT_VERSION = 5.0;
				TARGETED_DEVICE_FAMILY = "1,2";
				TEST_TARGET_NAME = WeSplit;
			};
			name = Debug;
		};
		3587BC8E23EA14630042B15F /* Release */ = {
			isa = XCBuildConfiguration;
			buildSettings = {
				ALWAYS_EMBED_SWIFT_STANDARD_LIBRARIES = YES;
				CODE_SIGN_STYLE = Automatic;
				DEVELOPMENT_TEAM = 4DKTHBJP4G;
				INFOPLIST_FILE = WeSplitUITests/Info.plist;
				LD_RUNPATH_SEARCH_PATHS = (
					"$(inherited)",
					"@executable_path/Frameworks",
					"@loader_path/Frameworks",
				);
				PRODUCT_BUNDLE_IDENTIFIER = com.rafaelima.WeSplitUITests;
				PRODUCT_NAME = "$(TARGET_NAME)";
				SWIFT_VERSION = 5.0;
				TARGETED_DEVICE_FAMILY = "1,2";
				TEST_TARGET_NAME = WeSplit;
			};
			name = Release;
		};
/* End XCBuildConfiguration section */

/* Begin XCConfigurationList section */
		3587BC5723EA14620042B15F /* Build configuration list for PBXProject "WeSplit" */ = {
			isa = XCConfigurationList;
			buildConfigurations = (
				3587BC8423EA14630042B15F /* Debug */,
				3587BC8523EA14630042B15F /* Release */,
			);
			defaultConfigurationIsVisible = 0;
			defaultConfigurationName = Release;
		};
		3587BC8623EA14630042B15F /* Build configuration list for PBXNativeTarget "WeSplit" */ = {
			isa = XCConfigurationList;
			buildConfigurations = (
				3587BC8723EA14630042B15F /* Debug */,
				3587BC8823EA14630042B15F /* Release */,
			);
			defaultConfigurationIsVisible = 0;
			defaultConfigurationName = Release;
		};
		3587BC8923EA14630042B15F /* Build configuration list for PBXNativeTarget "WeSplitTests" */ = {
			isa = XCConfigurationList;
			buildConfigurations = (
				3587BC8A23EA14630042B15F /* Debug */,
				3587BC8B23EA14630042B15F /* Release */,
			);
			defaultConfigurationIsVisible = 0;
			defaultConfigurationName = Release;
		};
		3587BC8C23EA14630042B15F /* Build configuration list for PBXNativeTarget "WeSplitUITests" */ = {
			isa = XCConfigurationList;
			buildConfigurations = (
				3587BC8D23EA14630042B15F /* Debug */,
				3587BC8E23EA14630042B15F /* Release */,
			);
			defaultConfigurationIsVisible = 0;
			defaultConfigurationName = Release;
		};
/* End XCConfigurationList section */
	};
	rootObject = 3587BC5423EA14620042B15F /* Project object */;
}
